
Microsoft Visual Studio Solution File, Format Version 12.00
# Visual Studio Version 16
VisualStudioVersion = 16.0.28803.352
MinimumVisualStudioVersion = 10.0.40219.1
Project("{FAE04EC0-301F-11D3-BF4B-00C04F79EFBC}") = "SampleWithMongoDB.API", "SampleWithMongoDB.API\SampleWithMongoDB.API.csproj", "{A34D2E05-81DB-443B-9DA7-C807CC9F0B46}"
EndProject
Global
	GlobalSection(SolutionConfigurationPlatforms) = preSolution
		Debug|Any CPU = Debug|Any CPU
		Release|Any CPU = Release|Any CPU
	EndGlobalSection
	GlobalSection(ProjectConfigurationPlatforms) = postSolution
		{A34D2E05-81DB-443B-9DA7-C807CC9F0B46}.Debug|Any CPU.ActiveCfg = Debug|Any CPU
		{A34D2E05-81DB-443B-9DA7-C807CC9F0B46}.Debug|Any CPU.Build.0 = Debug|Any CPU
		{A34D2E05-81DB-443B-9DA7-C807CC9F0B46}.Release|Any CPU.ActiveCfg = Release|Any CPU
		{A34D2E05-81DB-443B-9DA7-C807CC9F0B46}.Release|Any CPU.Build.0 = Release|Any CPU
	EndGlobalSection
	GlobalSection(SolutionProperties) = preSolution
		HideSolutionNode = FALSE
	EndGlobalSection
	GlobalSection(ExtensibilityGlobals) = postSolution
		SolutionGuid = {44F1D5B5-D2CF-4860-A4D6-0FEED7C63777}
	EndGlobalSection
EndGlobal
